
Microsoft Visual Studio Solution File, Format Version 12.00
# Visual Studio Version 16
VisualStudioVersion = 16.0.32510.428
MinimumVisualStudioVersion = 10.0.40219.1
Project("{FAE04EC0-301F-11D3-BF4B-00C04F79EFBC}") = "Presentation", "Presentation.csproj", "{40FA510C-006C-4189-ADB8-006E4392BEFF}"
EndProject
Project("{FAE04EC0-301F-11D3-BF4B-00C04F79EFBC}") = "DLL", "..\DLL\DLL.csproj", "{A421FF7D-DF73-4C71-9504-A78212E01BDC}"
EndProject
Project("{FAE04EC0-301F-11D3-BF4B-00C04F79EFBC}") = "BLL", "..\BLL\BLL.csproj", "{682FF9CC-6911-4614-986F-9268A8A9C96F}"
EndProject
Global
	GlobalSection(SolutionConfigurationPlatforms) = preSolution
		Debug|Any CPU = Debug|Any CPU
		Release|Any CPU = Release|Any CPU
	EndGlobalSection
	GlobalSection(ProjectConfigurationPlatforms) = postSolution
		{40FA510C-006C-4189-ADB8-006E4392BEFF}.Debug|Any CPU.ActiveCfg = Debug|Any CPU
		{40FA510C-006C-4189-ADB8-006E4392BEFF}.Debug|Any CPU.Build.0 = Debug|Any CPU
		{40FA510C-006C-4189-ADB8-006E4392BEFF}.Release|Any CPU.ActiveCfg = Release|Any CPU
		{40FA510C-006C-4189-ADB8-006E4392BEFF}.Release|Any CPU.Build.0 = Release|Any CPU
		{A421FF7D-DF73-4C71-9504-A78212E01BDC}.Debug|Any CPU.ActiveCfg = Debug|Any CPU
		{A421FF7D-DF73-4C71-9504-A78212E01BDC}.Debug|Any CPU.Build.0 = Debug|Any CPU
		{A421FF7D-DF73-4C71-9504-A78212E01BDC}.Release|Any CPU.ActiveCfg = Release|Any CPU
		{A421FF7D-DF73-4C71-9504-A78212E01BDC}.Release|Any CPU.Build.0 = Release|Any CPU
		{682FF9CC-6911-4614-986F-9268A8A9C96F}.Debug|Any CPU.ActiveCfg = Debug|Any CPU
		{682FF9CC-6911-4614-986F-9268A8A9C96F}.Debug|Any CPU.Build.0 = Debug|Any CPU
		{682FF9CC-6911-4614-986F-9268A8A9C96F}.Release|Any CPU.ActiveCfg = Release|Any CPU
		{682FF9CC-6911-4614-986F-9268A8A9C96F}.Release|Any CPU.Build.0 = Release|Any CPU
	EndGlobalSection
	GlobalSection(SolutionProperties) = preSolution
		HideSolutionNode = FALSE
	EndGlobalSection
	GlobalSection(ExtensibilityGlobals) = postSolution
		SolutionGuid = {29B61BF5-9938-4D83-8B7A-31DAFEEDD73B}
	EndGlobalSection
EndGlobal
